// !$*UTF8*$!
{
	archiveVersion = 1;
	classes = {
	};
	objectVersion = 56;
	objects = {

/* Begin PBXBuildFile section */
		AA0A0000000000000000001A /* AppDelegate.swift in Sources */ = {isa = PBXBuildFile; fileRef = AA010000000000000000001A /* AppDelegate.swift */; };
		AA0A0000000000000000004A /* main.swift in Sources */ = {isa = PBXBuildFile; fileRef = AA010000000000000000008A /* main.swift */; };
		AA0A0000000000000000002A /* Assets.xcassets in Resources */ = {isa = PBXBuildFile; fileRef = AA010000000000000000004A /* Assets.xcassets */; };
		AA0A0000000000000000003A /* cDisplayTests.swift in Sources */ = {isa = PBXBuildFile; fileRef = AA010000000000000000006A /* cDisplayTests.swift */; };
		AA0A0000000000000000005A /* AspectRatio.swift in Sources */ = {isa = PBXBuildFile; fileRef = AA010000000000000000009A /* AspectRatio.swift */; };
		AA0A0000000000000000006A /* OffsetPosition.swift in Sources */ = {isa = PBXBuildFile; fileRef = AA01000000000000000000AA /* OffsetPosition.swift */; };
		AA0A0000000000000000007A /* ClickMode.swift in Sources */ = {isa = PBXBuildFile; fileRef = AA01000000000000000000BA /* ClickMode.swift */; };
		AA0A0000000000000000008A /* DisplayInfo.swift in Sources */ = {isa = PBXBuildFile; fileRef = AA01000000000000000000CA /* DisplayInfo.swift */; };
		AA0A0000000000000000009A /* SettingsService.swift in Sources */ = {isa = PBXBuildFile; fileRef = AA01000000000000000000DA /* SettingsService.swift */; };
		AA0A000000000000000000AA /* DisplayService.swift in Sources */ = {isa = PBXBuildFile; fileRef = AA01000000000000000000EA /* DisplayService.swift */; };
		AA0A000000000000000000BA /* SettingsServiceTests.swift in Sources */ = {isa = PBXBuildFile; fileRef = AA01000000000000000000FA /* SettingsServiceTests.swift */; };
		AA0A000000000000000000CA /* DisplayServiceTests.swift in Sources */ = {isa = PBXBuildFile; fileRef = AA010000000000000000010A /* DisplayServiceTests.swift */; };
		AA0A000000000000000000DA /* MaskPanelView.swift in Sources */ = {isa = PBXBuildFile; fileRef = AA010000000000000000011A /* MaskPanelView.swift */; };
		AA0A000000000000000000EA /* MaskOverlayPanel.swift in Sources */ = {isa = PBXBuildFile; fileRef = AA010000000000000000012A /* MaskOverlayPanel.swift */; };
/* End PBXBuildFile section */

/* Begin PBXContainerItemProxy section */
		AA000000000000000000000B /* PBXContainerItemProxy */ = {
			isa = PBXContainerItemProxy;
			containerPortal = AA000000000000000000000A /* Project object */;
			proxyType = 1;
			remoteGlobalIDString = AA040000000000000000001A;
			remoteInfo = cDisplay;
		};
/* End PBXContainerItemProxy section */

/* Begin PBXFileReference section */
		AA010000000000000000001A /* AppDelegate.swift */ = {isa = PBXFileReference; lastKnownFileType = sourcecode.swift; path = AppDelegate.swift; sourceTree = "<group>"; };
		AA010000000000000000008A /* main.swift */ = {isa = PBXFileReference; lastKnownFileType = sourcecode.swift; path = main.swift; sourceTree = "<group>"; };
		AA010000000000000000002A /* Info.plist */ = {isa = PBXFileReference; lastKnownFileType = text.plist.xml; path = Info.plist; sourceTree = "<group>"; };
		AA010000000000000000003A /* cDisplay.entitlements */ = {isa = PBXFileReference; lastKnownFileType = text.plist.entitlements; path = cDisplay.entitlements; sourceTree = "<group>"; };
		AA010000000000000000004A /* Assets.xcassets */ = {isa = PBXFileReference; lastKnownFileType = folder.assetcatalog; path = Assets.xcassets; sourceTree = "<group>"; };
		AA010000000000000000005A /* cDisplay.app */ = {isa = PBXFileReference; explicitFileType = wrapper.application; includeInIndex = 0; path = cDisplay.app; sourceTree = BUILT_PRODUCTS_DIR; };
		AA010000000000000000006A /* cDisplayTests.swift */ = {isa = PBXFileReference; lastKnownFileType = sourcecode.swift; path = cDisplayTests.swift; sourceTree = "<group>"; };
		AA010000000000000000007A /* cDisplayTests.xctest */ = {isa = PBXFileReference; explicitFileType = wrapper.cfbundle; includeInIndex = 0; path = cDisplayTests.xctest; sourceTree = BUILT_PRODUCTS_DIR; };
		AA010000000000000000009A /* AspectRatio.swift */ = {isa = PBXFileReference; lastKnownFileType = sourcecode.swift; path = AspectRatio.swift; sourceTree = "<group>"; };
		AA01000000000000000000AA /* OffsetPosition.swift */ = {isa = PBXFileReference; lastKnownFileType = sourcecode.swift; path = OffsetPosition.swift; sourceTree = "<group>"; };
		AA01000000000000000000BA /* ClickMode.swift */ = {isa = PBXFileReference; lastKnownFileType = sourcecode.swift; path = ClickMode.swift; sourceTree = "<group>"; };
		AA01000000000000000000CA /* DisplayInfo.swift */ = {isa = PBXFileReference; lastKnownFileType = sourcecode.swift; path = DisplayInfo.swift; sourceTree = "<group>"; };
		AA01000000000000000000DA /* SettingsService.swift */ = {isa = PBXFileReference; lastKnownFileType = sourcecode.swift; path = SettingsService.swift; sourceTree = "<group>"; };
		AA01000000000000000000EA /* DisplayService.swift */ = {isa = PBXFileReference; lastKnownFileType = sourcecode.swift; path = DisplayService.swift; sourceTree = "<group>"; };
		AA01000000000000000000FA /* SettingsServiceTests.swift */ = {isa = PBXFileReference; lastKnownFileType = sourcecode.swift; path = SettingsServiceTests.swift; sourceTree = "<group>"; };
		AA010000000000000000010A /* DisplayServiceTests.swift */ = {isa = PBXFileReference; lastKnownFileType = sourcecode.swift; path = DisplayServiceTests.swift; sourceTree = "<group>"; };
		AA010000000000000000011A /* MaskPanelView.swift */ = {isa = PBXFileReference; lastKnownFileType = sourcecode.swift; path = MaskPanelView.swift; sourceTree = "<group>"; };
		AA010000000000000000012A /* MaskOverlayPanel.swift */ = {isa = PBXFileReference; lastKnownFileType = sourcecode.swift; path = MaskOverlayPanel.swift; sourceTree = "<group>"; };
/* End PBXFileReference section */

/* Begin PBXFrameworksBuildPhase section */
		AA020000000000000000001A /* Frameworks */ = {
			isa = PBXFrameworksBuildPhase;
			buildActionMask = 2147483647;
			files = (
			);
			runOnlyForDeploymentPostprocessing = 0;
		};
		AA020000000000000000002A /* Frameworks */ = {
			isa = PBXFrameworksBuildPhase;
			buildActionMask = 2147483647;
			files = (
			);
			runOnlyForDeploymentPostprocessing = 0;
		};
/* End PBXFrameworksBuildPhase section */

/* Begin PBXGroup section */
		AA030000000000000000001A = {
			isa = PBXGroup;
			children = (
				AA030000000000000000002A /* cDisplay */,
				AA030000000000000000006A /* cDisplayTests */,
				AA030000000000000000007A /* Products */,
			);
			sourceTree = "<group>";
		};
		AA030000000000000000002A /* cDisplay */ = {
			isa = PBXGroup;
			children = (
				AA030000000000000000003A /* App */,
				AA030000000000000000008A /* Models */,
				AA030000000000000000009A /* ViewModels */,
				AA03000000000000000000AA /* Views */,
				AA03000000000000000000BA /* Menu */,
				AA03000000000000000000CA /* Services */,
				AA030000000000000000005A /* Resources */,
				AA030000000000000000004A /* Supporting */,
			);
			path = cDisplay;
			sourceTree = "<group>";
		};
		AA030000000000000000003A /* App */ = {
			isa = PBXGroup;
			children = (
				AA010000000000000000008A /* main.swift */,
				AA010000000000000000001A /* AppDelegate.swift */,
			);
			path = App;
			sourceTree = "<group>";
		};
		AA030000000000000000008A /* Models */ = {
			isa = PBXGroup;
			children = (
				AA010000000000000000009A /* AspectRatio.swift */,
				AA01000000000000000000AA /* OffsetPosition.swift */,
				AA01000000000000000000BA /* ClickMode.swift */,
				AA01000000000000000000CA /* DisplayInfo.swift */,
			);
			path = Models;
			sourceTree = "<group>";
		};
		AA030000000000000000009A /* ViewModels */ = {
			isa = PBXGroup;
			children = (
			);
			path = ViewModels;
			sourceTree = "<group>";
		};
		AA03000000000000000000AA /* Views */ = {
			isa = PBXGroup;
			children = (
				AA010000000000000000011A /* MaskPanelView.swift */,
				AA010000000000000000012A /* MaskOverlayPanel.swift */,
			);
			path = Views;
			sourceTree = "<group>";
		};
		AA03000000000000000000BA /* Menu */ = {
			isa = PBXGroup;
			children = (
			);
			path = Menu;
			sourceTree = "<group>";
		};
		AA03000000000000000000CA /* Services */ = {
			isa = PBXGroup;
			children = (
				AA01000000000000000000DA /* SettingsService.swift */,
				AA01000000000000000000EA /* DisplayService.swift */,
			);
			path = Services;
			sourceTree = "<group>";
		};
		AA030000000000000000004A /* Supporting */ = {
			isa = PBXGroup;
			children = (
				AA010000000000000000002A /* Info.plist */,
				AA010000000000000000003A /* cDisplay.entitlements */,
			);
			path = Supporting;
			sourceTree = "<group>";
		};
		AA030000000000000000005A /* Resources */ = {
			isa = PBXGroup;
			children = (
				AA010000000000000000004A /* Assets.xcassets */,
			);
			path = Resources;
			sourceTree = "<group>";
		};
		AA030000000000000000006A /* cDisplayTests */ = {
			isa = PBXGroup;
			children = (
				AA010000000000000000006A /* cDisplayTests.swift */,
				AA01000000000000000000FA /* SettingsServiceTests.swift */,
				AA010000000000000000010A /* DisplayServiceTests.swift */,
			);
			path = cDisplayTests;
			sourceTree = "<group>";
		};
		AA030000000000000000007A /* Products */ = {
			isa = PBXGroup;
			children = (
				AA010000000000000000005A /* cDisplay.app */,
				AA010000000000000000007A /* cDisplayTests.xctest */,
			);
			name = Products;
			sourceTree = "<group>";
		};
/* End PBXGroup section */

/* Begin PBXNativeTarget section */
		AA040000000000000000001A /* cDisplay */ = {
			isa = PBXNativeTarget;
			buildConfigurationList = AA090000000000000000002A /* Build configuration list for PBXNativeTarget "cDisplay" */;
			buildPhases = (
				AA060000000000000000001A /* Sources */,
				AA050000000000000000001A /* Resources */,
				AA020000000000000000001A /* Frameworks */,
			);
			buildRules = (
			);
			dependencies = (
			);
			name = cDisplay;
			productName = cDisplay;
			productReference = AA010000000000000000005A /* cDisplay.app */;
			productType = "com.apple.product-type.application";
		};
		AA040000000000000000002A /* cDisplayTests */ = {
			isa = PBXNativeTarget;
			buildConfigurationList = AA090000000000000000003A /* Build configuration list for PBXNativeTarget "cDisplayTests" */;
			buildPhases = (
				AA060000000000000000002A /* Sources */,
				AA050000000000000000002A /* Resources */,
				AA020000000000000000002A /* Frameworks */,
			);
			buildRules = (
			);
			dependencies = (
				AA070000000000000000001A /* PBXTargetDependency */,
			);
			name = cDisplayTests;
			productName = cDisplayTests;
			productReference = AA010000000000000000007A /* cDisplayTests.xctest */;
			productType = "com.apple.product-type.bundle.unit-test";
		};
/* End PBXNativeTarget section */

/* Begin PBXProject section */
		AA000000000000000000000A /* Project object */ = {
			isa = PBXProject;
			attributes = {
				BuildIndependentTargetsInParallel = 1;
				LastSwiftUpdateCheck = 1500;
				LastUpgradeCheck = 1500;
				TargetAttributes = {
					AA040000000000000000001A = {
						CreatedOnToolsVersion = 15.0;
					};
					AA040000000000000000002A = {
						CreatedOnToolsVersion = 15.0;
						TestTargetID = AA040000000000000000001A;
					};
				};
			};
			buildConfigurationList = AA090000000000000000001A /* Build configuration list for PBXProject "cDisplay" */;
			compatibilityVersion = "Xcode 14.0";
			developmentRegion = en;
			hasScannedForEncodings = 0;
			knownRegions = (
				en,
				Base,
			);
			mainGroup = AA030000000000000000001A;
			productRefGroup = AA030000000000000000007A /* Products */;
			projectDirPath = "";
			projectRoot = "";
			targets = (
				AA040000000000000000001A /* cDisplay */,
				AA040000000000000000002A /* cDisplayTests */,
			);
		};
/* End PBXProject section */

/* Begin PBXResourcesBuildPhase section */
		AA050000000000000000001A /* Resources */ = {
			isa = PBXResourcesBuildPhase;
			buildActionMask = 2147483647;
			files = (
				AA0A0000000000000000002A /* Assets.xcassets in Resources */,
			);
			runOnlyForDeploymentPostprocessing = 0;
		};
		AA050000000000000000002A /* Resources */ = {
			isa = PBXResourcesBuildPhase;
			buildActionMask = 2147483647;
			files = (
			);
			runOnlyForDeploymentPostprocessing = 0;
		};
/* End PBXResourcesBuildPhase section */

/* Begin PBXSourcesBuildPhase section */
		AA060000000000000000001A /* Sources */ = {
			isa = PBXSourcesBuildPhase;
			buildActionMask = 2147483647;
			files = (
				AA0A0000000000000000004A /* main.swift in Sources */,
				AA0A0000000000000000001A /* AppDelegate.swift in Sources */,
				AA0A0000000000000000005A /* AspectRatio.swift in Sources */,
				AA0A0000000000000000006A /* OffsetPosition.swift in Sources */,
				AA0A0000000000000000007A /* ClickMode.swift in Sources */,
				AA0A0000000000000000008A /* DisplayInfo.swift in Sources */,
				AA0A0000000000000000009A /* SettingsService.swift in Sources */,
				AA0A000000000000000000AA /* DisplayService.swift in Sources */,
				AA0A000000000000000000DA /* MaskPanelView.swift in Sources */,
				AA0A000000000000000000EA /* MaskOverlayPanel.swift in Sources */,
			);
			runOnlyForDeploymentPostprocessing = 0;
		};
		AA060000000000000000002A /* Sources */ = {
			isa = PBXSourcesBuildPhase;
			buildActionMask = 2147483647;
			files = (
				AA0A0000000000000000003A /* cDisplayTests.swift in Sources */,
				AA0A000000000000000000BA /* SettingsServiceTests.swift in Sources */,
				AA0A000000000000000000CA /* DisplayServiceTests.swift in Sources */,
			);
			runOnlyForDeploymentPostprocessing = 0;
		};
/* End PBXSourcesBuildPhase section */

/* Begin PBXTargetDependency section */
		AA070000000000000000001A /* PBXTargetDependency */ = {
			isa = PBXTargetDependency;
			target = AA040000000000000000001A /* cDisplay */;
			targetProxy = AA000000000000000000000B /* PBXContainerItemProxy */;
		};
/* End PBXTargetDependency section */

/* Begin XCBuildConfiguration section */
		AA080000000000000000001A /* Debug */ = {
			isa = XCBuildConfiguration;
			buildSettings = {
				ALWAYS_SEARCH_USER_PATHS = NO;
				ASSETCATALOG_COMPILER_GENERATE_SWIFT_ASSET_SYMBOL_EXTENSIONS = YES;
				CLANG_ANALYZER_NONNULL = YES;
				CLANG_ANALYZER_NUMBER_OBJECT_CONVERSION = YES_AGGRESSIVE;
				CLANG_CXX_LANGUAGE_STANDARD = "gnu++20";
				CLANG_ENABLE_MODULES = YES;
				CLANG_ENABLE_OBJC_ARC = YES;
				CLANG_ENABLE_OBJC_WEAK = YES;
				CLANG_WARN_BLOCK_CAPTURE_AUTORELEASING = YES;
				CLANG_WARN_BOOL_CONVERSION = YES;
				CLANG_WARN_COMMA = YES;
				CLANG_WARN_CONSTANT_CONVERSION = YES;
				CLANG_WARN_DEPRECATED_OBJC_IMPLEMENTATIONS = YES;
				CLANG_WARN_DIRECT_OBJC_ISA_USAGE = YES_ERROR;
				CLANG_WARN_DOCUMENTATION_COMMENTS = YES;
				CLANG_WARN_EMPTY_BODY = YES;
				CLANG_WARN_ENUM_CONVERSION = YES;
				CLANG_WARN_INFINITE_RECURSION = YES;
				CLANG_WARN_INT_CONVERSION = YES;
				CLANG_WARN_NON_LITERAL_NULL_CONVERSION = YES;
				CLANG_WARN_OBJC_IMPLICIT_RETAIN_CYCLE = YES;
				CLANG_WARN_OBJC_LITERAL_CONVERSION = YES;
				CLANG_WARN_OBJC_ROOT_CLASS = YES_ERROR;
				CLANG_WARN_QUOTED_INCLUDE_IN_FRAMEWORK_HEADER = YES;
				CLANG_WARN_RANGE_LOOP_ANALYSIS = YES;
				CLANG_WARN_STRICT_PROTOTYPES = YES;
				CLANG_WARN_SUSPICIOUS_MOVE = YES;
				CLANG_WARN_UNGUARDED_AVAILABILITY = YES_AGGRESSIVE;
				CLANG_WARN_UNREACHABLE_CODE = YES;
				CLANG_WARN__DUPLICATE_METHOD_MATCH = YES;
				COPY_PHASE_STRIP = NO;
				DEBUG_INFORMATION_FORMAT = dwarf;
				ENABLE_STRICT_OBJC_MSGSEND = YES;
				ENABLE_TESTABILITY = YES;
				ENABLE_USER_SCRIPT_SANDBOXING = YES;
				GCC_C_LANGUAGE_STANDARD = gnu17;
				GCC_DYNAMIC_NO_PIC = NO;
				GCC_NO_COMMON_BLOCKS = YES;
				GCC_OPTIMIZATION_LEVEL = 0;
				GCC_PREPROCESSOR_DEFINITIONS = (
					"DEBUG=1",
					"$(inherited)",
				);
				GCC_WARN_64_TO_32_BIT_CONVERSION = YES;
				GCC_WARN_ABOUT_RETURN_TYPE = YES_ERROR;
				GCC_WARN_UNDECLARED_SELECTOR = YES;
				GCC_WARN_UNINITIALIZED_AUTOS = YES_AGGRESSIVE;
				GCC_WARN_UNUSED_FUNCTION = YES;
				GCC_WARN_UNUSED_VARIABLE = YES;
				LOCALIZATION_PREFERS_STRING_CATALOGS = YES;
				MACOSX_DEPLOYMENT_TARGET = 14.0;
				MTL_ENABLE_DEBUG_INFO = INCLUDE_SOURCE;
				MTL_FAST_MATH = YES;
				ONLY_ACTIVE_ARCH = YES;
				SDKROOT = macosx;
				SWIFT_ACTIVE_COMPILATION_CONDITIONS = "DEBUG $(inherited)";
				SWIFT_OPTIMIZATION_LEVEL = "-Onone";
			};
			name = Debug;
		};
		AA080000000000000000002A /* Release */ = {
			isa = XCBuildConfiguration;
			buildSettings = {
				ALWAYS_SEARCH_USER_PATHS = NO;
				ASSETCATALOG_COMPILER_GENERATE_SWIFT_ASSET_SYMBOL_EXTENSIONS = YES;
				CLANG_ANALYZER_NONNULL = YES;
				CLANG_ANALYZER_NUMBER_OBJECT_CONVERSION = YES_AGGRESSIVE;
				CLANG_CXX_LANGUAGE_STANDARD = "gnu++20";
				CLANG_ENABLE_MODULES = YES;
				CLANG_ENABLE_OBJC_ARC = YES;
				CLANG_ENABLE_OBJC_WEAK = YES;
				CLANG_WARN_BLOCK_CAPTURE_AUTORELEASING = YES;
				CLANG_WARN_BOOL_CONVERSION = YES;
				CLANG_WARN_COMMA = YES;
				CLANG_WARN_CONSTANT_CONVERSION = YES;
				CLANG_WARN_DEPRECATED_OBJC_IMPLEMENTATIONS = YES;
				CLANG_WARN_DIRECT_OBJC_ISA_USAGE = YES_ERROR;
				CLANG_WARN_DOCUMENTATION_COMMENTS = YES;
				CLANG_WARN_EMPTY_BODY = YES;
				CLANG_WARN_ENUM_CONVERSION = YES;
				CLANG_WARN_INFINITE_RECURSION = YES;
				CLANG_WARN_INT_CONVERSION = YES;
				CLANG_WARN_NON_LITERAL_NULL_CONVERSION = YES;
				CLANG_WARN_OBJC_IMPLICIT_RETAIN_CYCLE = YES;
				CLANG_WARN_OBJC_LITERAL_CONVERSION = YES;
				CLANG_WARN_OBJC_ROOT_CLASS = YES_ERROR;
				CLANG_WARN_QUOTED_INCLUDE_IN_FRAMEWORK_HEADER = YES;
				CLANG_WARN_RANGE_LOOP_ANALYSIS = YES;
				CLANG_WARN_STRICT_PROTOTYPES = YES;
				CLANG_WARN_SUSPICIOUS_MOVE = YES;
				CLANG_WARN_UNGUARDED_AVAILABILITY = YES_AGGRESSIVE;
				CLANG_WARN_UNREACHABLE_CODE = YES;
				CLANG_WARN__DUPLICATE_METHOD_MATCH = YES;
				COPY_PHASE_STRIP = NO;
				DEBUG_INFORMATION_FORMAT = "dwarf-with-dsym";
				ENABLE_NS_ASSERTIONS = NO;
				ENABLE_STRICT_OBJC_MSGSEND = YES;
				ENABLE_USER_SCRIPT_SANDBOXING = YES;
				GCC_C_LANGUAGE_STANDARD = gnu17;
				GCC_NO_COMMON_BLOCKS = YES;
				GCC_WARN_64_TO_32_BIT_CONVERSION = YES;
				GCC_WARN_ABOUT_RETURN_TYPE = YES_ERROR;
				GCC_WARN_UNDECLARED_SELECTOR = YES;
				GCC_WARN_UNINITIALIZED_AUTOS = YES_AGGRESSIVE;
				GCC_WARN_UNUSED_FUNCTION = YES;
				GCC_WARN_UNUSED_VARIABLE = YES;
				LOCALIZATION_PREFERS_STRING_CATALOGS = YES;
				MACOSX_DEPLOYMENT_TARGET = 14.0;
				MTL_FAST_MATH = YES;
				SDKROOT = macosx;
				SWIFT_COMPILATION_MODE = wholemodule;
			};
			name = Release;
		};
		AA080000000000000000003A /* Debug */ = {
			isa = XCBuildConfiguration;
			buildSettings = {
				ASSETCATALOG_COMPILER_APPICON_NAME = AppIcon;
				ASSETCATALOG_COMPILER_GLOBAL_ACCENT_COLOR_NAME = AccentColor;
				CODE_SIGN_ENTITLEMENTS = cDisplay/Supporting/cDisplay.entitlements;
				CODE_SIGN_STYLE = Automatic;
				COMBINE_HIDPI_IMAGES = YES;
				CURRENT_PROJECT_VERSION = 1;
				ENABLE_HARDENED_RUNTIME = YES;
				GENERATE_INFOPLIST_FILE = NO;
				INFOPLIST_FILE = cDisplay/Supporting/Info.plist;
				LD_RUNPATH_SEARCH_PATHS = (
					"$(inherited)",
					"@executable_path/../Frameworks",
				);
				MARKETING_VERSION = 1.0;
				PRODUCT_BUNDLE_IDENTIFIER = com.example.cDisplay;
				PRODUCT_NAME = "$(TARGET_NAME)";
				SWIFT_EMIT_LOC_STRINGS = YES;
				SWIFT_VERSION = 5.0;
			};
			name = Debug;
		};
		AA080000000000000000004A /* Release */ = {
			isa = XCBuildConfiguration;
			buildSettings = {
				ASSETCATALOG_COMPILER_APPICON_NAME = AppIcon;
				ASSETCATALOG_COMPILER_GLOBAL_ACCENT_COLOR_NAME = AccentColor;
				CODE_SIGN_ENTITLEMENTS = cDisplay/Supporting/cDisplay.entitlements;
				CODE_SIGN_STYLE = Automatic;
				COMBINE_HIDPI_IMAGES = YES;
				CURRENT_PROJECT_VERSION = 1;
				ENABLE_HARDENED_RUNTIME = YES;
				GENERATE_INFOPLIST_FILE = NO;
				INFOPLIST_FILE = cDisplay/Supporting/Info.plist;
				LD_RUNPATH_SEARCH_PATHS = (
					"$(inherited)",
					"@executable_path/../Frameworks",
				);
				MARKETING_VERSION = 1.0;
				PRODUCT_BUNDLE_IDENTIFIER = com.example.cDisplay;
				PRODUCT_NAME = "$(TARGET_NAME)";
				SWIFT_EMIT_LOC_STRINGS = YES;
				SWIFT_VERSION = 5.0;
			};
			name = Release;
		};
		AA080000000000000000005A /* Debug */ = {
			isa = XCBuildConfiguration;
			buildSettings = {
				BUNDLE_LOADER = "$(TEST_HOST)";
				CODE_SIGN_STYLE = Automatic;
				CURRENT_PROJECT_VERSION = 1;
				GENERATE_INFOPLIST_FILE = YES;
				MARKETING_VERSION = 1.0;
				PRODUCT_BUNDLE_IDENTIFIER = com.example.cDisplayTests;
				PRODUCT_NAME = "$(TARGET_NAME)";
				SWIFT_EMIT_LOC_STRINGS = NO;
				SWIFT_VERSION = 5.0;
				TEST_HOST = "$(BUILT_PRODUCTS_DIR)/cDisplay.app/Contents/MacOS/cDisplay";
			};
			name = Debug;
		};
		AA080000000000000000006A /* Release */ = {
			isa = XCBuildConfiguration;
			buildSettings = {
				BUNDLE_LOADER = "$(TEST_HOST)";
				CODE_SIGN_STYLE = Automatic;
				CURRENT_PROJECT_VERSION = 1;
				GENERATE_INFOPLIST_FILE = YES;
				MARKETING_VERSION = 1.0;
				PRODUCT_BUNDLE_IDENTIFIER = com.example.cDisplayTests;
				PRODUCT_NAME = "$(TARGET_NAME)";
				SWIFT_EMIT_LOC_STRINGS = NO;
				SWIFT_VERSION = 5.0;
				TEST_HOST = "$(BUILT_PRODUCTS_DIR)/cDisplay.app/Contents/MacOS/cDisplay";
			};
			name = Release;
		};
/* End XCBuildConfiguration section */

/* Begin XCConfigurationList section */
		AA090000000000000000001A /* Build configuration list for PBXProject "cDisplay" */ = {
			isa = XCConfigurationList;
			buildConfigurations = (
				AA080000000000000000001A /* Debug */,
				AA080000000000000000002A /* Release */,
			);
			defaultConfigurationIsVisible = 0;
			defaultConfigurationName = Release;
		};
		AA090000000000000000002A /* Build configuration list for PBXNativeTarget "cDisplay" */ = {
			isa = XCConfigurationList;
			buildConfigurations = (
				AA080000000000000000003A /* Debug */,
				AA080000000000000000004A /* Release */,
			);
			defaultConfigurationIsVisible = 0;
			defaultConfigurationName = Release;
		};
		AA090000000000000000003A /* Build configuration list for PBXNativeTarget "cDisplayTests" */ = {
			isa = XCConfigurationList;
			buildConfigurations = (
				AA080000000000000000005A /* Debug */,
				AA080000000000000000006A /* Release */,
			);
			defaultConfigurationIsVisible = 0;
			defaultConfigurationName = Release;
		};
/* End XCConfigurationList section */

	};
	rootObject = AA000000000000000000000A /* Project object */;
}
